
Microsoft Visual Studio Solution File, Format Version 12.00
# Visual Studio Version 17
VisualStudioVersion = 17.3.32825.248
MinimumVisualStudioVersion = 10.0.40219.1
Project("{FAE04EC0-301F-11D3-BF4B-00C04F79EFBC}") = "SaxonHE11NetXslt", "SaxonHE11NetXslt\SaxonHE11NetXslt.csproj", "{76B87F30-61C2-47CC-8152-1C1280B61ED1}"
EndProject
Project("{FAE04EC0-301F-11D3-BF4B-00C04F79EFBC}") = "SaxonHE11NetXQuery", "SaxonHE11NetXQuery\SaxonHE11NetXQuery.csproj", "{CE2B13D3-3A2C-4440-A16F-9571725247BB}"
EndProject
Global
	GlobalSection(SolutionConfigurationPlatforms) = preSolution
		Debug|Any CPU = Debug|Any CPU
		Release|Any CPU = Release|Any CPU
	EndGlobalSection
	GlobalSection(ProjectConfigurationPlatforms) = postSolution
		{76B87F30-61C2-47CC-8152-1C1280B61ED1}.Debug|Any CPU.ActiveCfg = Debug|Any CPU
		{76B87F30-61C2-47CC-8152-1C1280B61ED1}.Debug|Any CPU.Build.0 = Debug|Any CPU
		{76B87F30-61C2-47CC-8152-1C1280B61ED1}.Release|Any CPU.ActiveCfg = Release|Any CPU
		{76B87F30-61C2-47CC-8152-1C1280B61ED1}.Release|Any CPU.Build.0 = Release|Any CPU
		{CE2B13D3-3A2C-4440-A16F-9571725247BB}.Debug|Any CPU.ActiveCfg = Debug|Any CPU
		{CE2B13D3-3A2C-4440-A16F-9571725247BB}.Debug|Any CPU.Build.0 = Debug|Any CPU
		{CE2B13D3-3A2C-4440-A16F-9571725247BB}.Release|Any CPU.ActiveCfg = Release|Any CPU
		{CE2B13D3-3A2C-4440-A16F-9571725247BB}.Release|Any CPU.Build.0 = Release|Any CPU
	EndGlobalSection
	GlobalSection(SolutionProperties) = preSolution
		HideSolutionNode = FALSE
	EndGlobalSection
	GlobalSection(ExtensibilityGlobals) = postSolution
		SolutionGuid = {63124696-3678-4F1D-BAA1-6242626826D9}
	EndGlobalSection
EndGlobal
